
Microsoft Visual Studio Solution File, Format Version 12.00
# Visual Studio Version 17
VisualStudioVersion = 17.3.32901.215
MinimumVisualStudioVersion = 10.0.40219.1
Project("{9A19103F-16F7-4668-BE54-9A1E7A4F7556}") = "WebApi", "WebApi.csproj", "{28D08F0B-6AD9-444C-B4B0-74FDFA8300E2}"
EndProject
Project("{FAE04EC0-301F-11D3-BF4B-00C04F79EFBC}") = "WebApi.client", "..\WebApi.client\WebApi.client.csproj", "{F72584F3-A231-4F8E-A16F-DCC04740D8C2}"
EndProject
Global
	GlobalSection(SolutionConfigurationPlatforms) = preSolution
		Debug|Any CPU = Debug|Any CPU
		Release|Any CPU = Release|Any CPU
	EndGlobalSection
	GlobalSection(ProjectConfigurationPlatforms) = postSolution
		{28D08F0B-6AD9-444C-B4B0-74FDFA8300E2}.Debug|Any CPU.ActiveCfg = Debug|Any CPU
		{28D08F0B-6AD9-444C-B4B0-74FDFA8300E2}.Debug|Any CPU.Build.0 = Debug|Any CPU
		{28D08F0B-6AD9-444C-B4B0-74FDFA8300E2}.Release|Any CPU.ActiveCfg = Release|Any CPU
		{28D08F0B-6AD9-444C-B4B0-74FDFA8300E2}.Release|Any CPU.Build.0 = Release|Any CPU
		{F72584F3-A231-4F8E-A16F-DCC04740D8C2}.Debug|Any CPU.ActiveCfg = Debug|Any CPU
		{F72584F3-A231-4F8E-A16F-DCC04740D8C2}.Debug|Any CPU.Build.0 = Debug|Any CPU
		{F72584F3-A231-4F8E-A16F-DCC04740D8C2}.Release|Any CPU.ActiveCfg = Release|Any CPU
		{F72584F3-A231-4F8E-A16F-DCC04740D8C2}.Release|Any CPU.Build.0 = Release|Any CPU
	EndGlobalSection
	GlobalSection(SolutionProperties) = preSolution
		HideSolutionNode = FALSE
	EndGlobalSection
	GlobalSection(ExtensibilityGlobals) = postSolution
		SolutionGuid = {AF1DA9A8-4D76-4E8D-9282-1EB4B5AC9A3A}
	EndGlobalSection
EndGlobal
